{
  "nodes": {
    "dots": {
      "flake": false,
      "locked": {
        "lastModified": 1689520920,
        "narHash": "sha256-EawNYkA4fSv5Za+0Og2T/5mwsZ2HvOXPu0gFcOo3fdU=",
        "ref": "refs/heads/master",
        "rev": "f079b3097f59982ef4fdf4e160441fb74d5d7f5f",
        "shallow": true,
        "type": "git",
        "url": "file:./dotfiles"
      },
      "original": {
        "shallow": true,
        "type": "git",
        "url": "file:./dotfiles"
      }
    },
    "home-manager": {
      "inputs": {
        "nixpkgs": [
          "nixpkgs"
        ]
      },
      "locked": {
        "lastModified": 1687871164,
        "narHash": "sha256-bBFlPthuYX322xOlpJvkjUBz0C+MOBjZdDOOJJ+G2jU=",
        "owner": "nix-community",
        "repo": "home-manager",
        "rev": "07c347bb50994691d7b0095f45ebd8838cf6bc38",
        "type": "github"
      },
      "original": {
        "owner": "nix-community",
        "ref": "release-23.05",
        "repo": "home-manager",
        "type": "github"
      }
    },
    "nixpkgs": {
      "locked": {
        "lastModified": 1689503327,
        "narHash": "sha256-qVwzYLA8oT2oWNDXO0A3bZHOhoPOihIB9T677+Hor1E=",
        "owner": "nixos",
        "repo": "nixpkgs",
        "rev": "f64b9738da8e86195766147e9752c67fccee006c",
        "type": "github"
      },
      "original": {
        "owner": "nixos",
        "ref": "nixos-23.05",
        "repo": "nixpkgs",
        "type": "github"
      }
    },
    "root": {
      "inputs": {
        "dots": "dots",
        "home-manager": "home-manager",
        "nixpkgs": "nixpkgs",
        "secret_dots": "secret_dots"
      }
    },
    "secret_dots": {
      "flake": false,
      "locked": {
        "lastModified": 1689371272,
        "narHash": "sha256-5LxMW9+kb86Fd4zwYdmn/YuV1SPp9cZdgrt86/aMzxY=",
        "ref": "fcb60eaa2731eb976353a4b2ffc951c079f661e4",
        "rev": "fcb60eaa2731eb976353a4b2ffc951c079f661e4",
        "shallow": true,
        "type": "git",
        "url": "file:./secret_dotfiles"
      },
      "original": {
        "shallow": true,
        "type": "git",
        "url": "file:./secret_dotfiles"
      }
    }
  },
  "root": "root",
  "version": 7
}
