{
  "nodes": {
    "dots": {
      "flake": false,
      "locked": {
        "lastModified": 1689520920,
        "narHash": "sha256-EawNYkA4fSv5Za+0Og2T/5mwsZ2HvOXPu0gFcOo3fdU=",
        "ref": "refs/heads/master",
        "rev": "f079b3097f59982ef4fdf4e160441fb74d5d7f5f",
        "shallow": true,
        "type": "git",
        "url": "file:./dotfiles"
      },
      "original": {
        "shallow": true,
        "type": "git",
        "url": "file:./dotfiles"
      }
    },
    "flake-utils": {
      "inputs": {
        "systems": "systems"
      },
      "locked": {
        "lastModified": 1681202837,
        "narHash": "sha256-H+Rh19JDwRtpVPAWp64F+rlEtxUWBAQW28eAi3SRSzg=",
        "owner": "numtide",
        "repo": "flake-utils",
        "rev": "cfacdce06f30d2b68473a46042957675eebb3401",
        "type": "github"
      },
      "original": {
        "owner": "numtide",
        "repo": "flake-utils",
        "type": "github"
      }
    },
    "flake-utils_2": {
      "inputs": {
        "systems": "systems_2"
      },
      "locked": {
        "lastModified": 1681202837,
        "narHash": "sha256-H+Rh19JDwRtpVPAWp64F+rlEtxUWBAQW28eAi3SRSzg=",
        "owner": "numtide",
        "repo": "flake-utils",
        "rev": "cfacdce06f30d2b68473a46042957675eebb3401",
        "type": "github"
      },
      "original": {
        "owner": "numtide",
        "repo": "flake-utils",
        "type": "github"
      }
    },
    "home-manager": {
      "inputs": {
        "nixpkgs": [
          "nixpkgs"
        ]
      },
      "locked": {
        "lastModified": 1687871164,
        "narHash": "sha256-bBFlPthuYX322xOlpJvkjUBz0C+MOBjZdDOOJJ+G2jU=",
        "owner": "nix-community",
        "repo": "home-manager",
        "rev": "07c347bb50994691d7b0095f45ebd8838cf6bc38",
        "type": "github"
      },
      "original": {
        "owner": "nix-community",
        "ref": "release-23.05",
        "repo": "home-manager",
        "type": "github"
      }
    },
    "nixos-hardware": {
      "locked": {
        "lastModified": 1689320556,
        "narHash": "sha256-vODUkZLWFVCvo1KPK3dC2CbXjxa9antEn5ozwlcTr48=",
        "owner": "NixOS",
        "repo": "nixos-hardware",
        "rev": "d4ea64f2063820120c05f6ba93ee02e6d4671d6b",
        "type": "github"
      },
      "original": {
        "owner": "NixOS",
        "ref": "master",
        "repo": "nixos-hardware",
        "type": "github"
      }
    },
    "nixpkgs": {
      "locked": {
        "lastModified": 1689772066,
        "narHash": "sha256-GuzEvMrCs+wg3OOlgPdqh72Mo2Jc1v3NwzxubBe203w=",
        "owner": "nixos",
        "repo": "nixpkgs",
        "rev": "af9826e9e4d305372694acada8b88c8be8497ad9",
        "type": "github"
      },
      "original": {
        "owner": "nixos",
        "repo": "nixpkgs",
        "type": "github"
      }
    },
    "nixpkgs_2": {
      "locked": {
        "lastModified": 1681303793,
        "narHash": "sha256-JEdQHsYuCfRL2PICHlOiH/2ue3DwoxUX7DJ6zZxZXFk=",
        "owner": "NixOS",
        "repo": "nixpkgs",
        "rev": "fe2ecaf706a5907b5e54d979fbde4924d84b65fc",
        "type": "github"
      },
      "original": {
        "owner": "NixOS",
        "ref": "nixos-unstable",
        "repo": "nixpkgs",
        "type": "github"
      }
    },
    "poetry2nix": {
      "inputs": {
        "flake-utils": "flake-utils_2",
        "nixpkgs": [
          "suite_py",
          "nixpkgs"
        ]
      },
      "locked": {
        "lastModified": 1681443990,
        "narHash": "sha256-RZdPEmjOmddUKzcsumrKoIlAEeKoR6K8Fm3d3qDWSGo=",
        "owner": "nix-community",
        "repo": "poetry2nix",
        "rev": "51389247daa46f77119e11b71d8b65a23614936a",
        "type": "github"
      },
      "original": {
        "owner": "nix-community",
        "repo": "poetry2nix",
        "type": "github"
      }
    },
    "root": {
      "inputs": {
        "dots": "dots",
        "home-manager": "home-manager",
        "nixos-hardware": "nixos-hardware",
        "nixpkgs": "nixpkgs",
        "secret_dots": "secret_dots",
        "suite_py": "suite_py"
      }
    },
    "secret_dots": {
      "flake": false,
      "locked": {
        "lastModified": 1689371272,
        "narHash": "sha256-5LxMW9+kb86Fd4zwYdmn/YuV1SPp9cZdgrt86/aMzxY=",
        "ref": "fcb60eaa2731eb976353a4b2ffc951c079f661e4",
        "rev": "fcb60eaa2731eb976353a4b2ffc951c079f661e4",
        "shallow": true,
        "type": "git",
        "url": "file:./secret_dotfiles"
      },
      "original": {
        "shallow": true,
        "type": "git",
        "url": "file:./secret_dotfiles"
      }
    },
    "suite_py": {
      "inputs": {
        "flake-utils": "flake-utils",
        "nixpkgs": "nixpkgs_2",
        "poetry2nix": "poetry2nix"
      },
      "locked": {
        "lastModified": 1687949152,
        "narHash": "sha256-yeS7d45sdxMZXCKDuEPzldnzdST6nDl7n1c9HRZWj1Q=",
        "ref": "refs/heads/master",
        "rev": "fee4331b319f27ddb3e0cfe4b53a5479ffb51fa7",
        "revCount": 438,
        "type": "git",
        "url": "ssh://git@github.com/primait/suite_py.git"
      },
      "original": {
        "id": "suite_py",
        "type": "indirect"
      }
    },
    "systems": {
      "locked": {
        "lastModified": 1681028828,
        "narHash": "sha256-Vy1rq5AaRuLzOxct8nz4T6wlgyUR7zLU309k9mBC768=",
        "owner": "nix-systems",
        "repo": "default",
        "rev": "da67096a3b9bf56a91d16901293e51ba5b49a27e",
        "type": "github"
      },
      "original": {
        "owner": "nix-systems",
        "repo": "default",
        "type": "github"
      }
    },
    "systems_2": {
      "locked": {
        "lastModified": 1681028828,
        "narHash": "sha256-Vy1rq5AaRuLzOxct8nz4T6wlgyUR7zLU309k9mBC768=",
        "owner": "nix-systems",
        "repo": "default",
        "rev": "da67096a3b9bf56a91d16901293e51ba5b49a27e",
        "type": "github"
      },
      "original": {
        "owner": "nix-systems",
        "repo": "default",
        "type": "github"
      }
    }
  },
  "root": "root",
  "version": 7
}
